
Microsoft Visual Studio Solution File, Format Version 12.00
# Visual Studio 14
VisualStudioVersion = 14.0.25420.1
MinimumVisualStudioVersion = 10.0.40219.1
Project("{FAE04EC0-301F-11D3-BF4B-00C04F79EFBC}") = "MathWCFService", "MathWCFService\MathWCFService.csproj", "{0C1EC3A1-D1DD-46CD-99BF-AEB5DDB5E356}"
EndProject
Project("{FAE04EC0-301F-11D3-BF4B-00C04F79EFBC}") = "MathServiceTestApp", "MathServiceTestApp\MathServiceTestApp.csproj", "{39E93CD7-DD39-449E-9C69-A4C1B845726E}"
	ProjectSection(ProjectDependencies) = postProject
		{0C1EC3A1-D1DD-46CD-99BF-AEB5DDB5E356} = {0C1EC3A1-D1DD-46CD-99BF-AEB5DDB5E356}
	EndProjectSection
EndProject
Project("{FAE04EC0-301F-11D3-BF4B-00C04F79EFBC}") = "UsingProxy", "UsingProxy\UsingProxy.csproj", "{47042F9C-9EE0-4098-BE13-359C013F2AD0}"
EndProject
Project("{E24C65DC-7377-472B-9ABA-BC803B73C61A}") = "MathServiceIISHost", "http://localhost:53129", "{B1BA5148-4DFC-4AC1-8D29-BA203712C329}"
	ProjectSection(WebsiteProperties) = preProject
		UseIISExpress = "true"
		TargetFrameworkMoniker = ".NETFramework,Version%3Dv4.5"
		Debug.AspNetCompiler.VirtualPath = "/localhost_53129"
		Debug.AspNetCompiler.PhysicalPath = "C:\MathService\MathServiceIISHost\"
		Debug.AspNetCompiler.TargetPath = "PrecompiledWeb\localhost_53129\"
		Debug.AspNetCompiler.Updateable = "true"
		Debug.AspNetCompiler.ForceOverwrite = "true"
		Debug.AspNetCompiler.FixedNames = "false"
		Debug.AspNetCompiler.Debug = "True"
		Release.AspNetCompiler.VirtualPath = "/localhost_53129"
		Release.AspNetCompiler.PhysicalPath = "C:\MathService\MathServiceIISHost\"
		Release.AspNetCompiler.TargetPath = "PrecompiledWeb\localhost_53129\"
		Release.AspNetCompiler.Updateable = "true"
		Release.AspNetCompiler.ForceOverwrite = "true"
		Release.AspNetCompiler.FixedNames = "false"
		Release.AspNetCompiler.Debug = "False"
		SlnRelativePath = "C:\MathService\MathServiceIISHost\"
		DefaultWebSiteLanguage = "Visual C#"
	EndProjectSection
	ProjectSection(WebsiteProperties) = preProject
		UseIISExpress = "true"
		TargetFrameworkMoniker = ".NETFramework,Version%3Dv4.5"
		Debug.AspNetCompiler.VirtualPath = "/localhost_53129"
		Debug.AspNetCompiler.PhysicalPath = "C:\MathService\MathServiceIISHost\"
		Debug.AspNetCompiler.TargetPath = "PrecompiledWeb\localhost_53129\"
		Debug.AspNetCompiler.Updateable = "true"
		Debug.AspNetCompiler.ForceOverwrite = "true"
		Debug.AspNetCompiler.FixedNames = "false"
		Debug.AspNetCompiler.Debug = "True"
		Release.AspNetCompiler.VirtualPath = "/localhost_53129"
		Release.AspNetCompiler.PhysicalPath = "C:\MathService\MathServiceIISHost\"
		Release.AspNetCompiler.TargetPath = "PrecompiledWeb\localhost_53129\"
		Release.AspNetCompiler.Updateable = "true"
		Release.AspNetCompiler.ForceOverwrite = "true"
		Release.AspNetCompiler.FixedNames = "false"
		Release.AspNetCompiler.Debug = "False"
		SlnRelativePath = "C:\MathService\MathServiceIISHost\"
		DefaultWebSiteLanguage = "Visual C#"
	EndProjectSection
EndProject
Project("{FAE04EC0-301F-11D3-BF4B-00C04F79EFBC}") = "Divide", "Divide\Divide.csproj", "{F94E9D9C-7E14-4EBD-A4A2-0FD1E5F76D45}"
	ProjectSection(ProjectDependencies) = postProject
		{0C1EC3A1-D1DD-46CD-99BF-AEB5DDB5E356} = {0C1EC3A1-D1DD-46CD-99BF-AEB5DDB5E356}
	EndProjectSection
EndProject
Global
	GlobalSection(SolutionConfigurationPlatforms) = preSolution
		Debug|Any CPU = Debug|Any CPU
		Release|Any CPU = Release|Any CPU
	EndGlobalSection
	GlobalSection(ProjectConfigurationPlatforms) = postSolution
		{0C1EC3A1-D1DD-46CD-99BF-AEB5DDB5E356}.Debug|Any CPU.ActiveCfg = Debug|Any CPU
		{0C1EC3A1-D1DD-46CD-99BF-AEB5DDB5E356}.Debug|Any CPU.Build.0 = Debug|Any CPU
		{0C1EC3A1-D1DD-46CD-99BF-AEB5DDB5E356}.Release|Any CPU.ActiveCfg = Release|Any CPU
		{0C1EC3A1-D1DD-46CD-99BF-AEB5DDB5E356}.Release|Any CPU.Build.0 = Release|Any CPU
		{39E93CD7-DD39-449E-9C69-A4C1B845726E}.Debug|Any CPU.ActiveCfg = Debug|Any CPU
		{39E93CD7-DD39-449E-9C69-A4C1B845726E}.Debug|Any CPU.Build.0 = Debug|Any CPU
		{39E93CD7-DD39-449E-9C69-A4C1B845726E}.Release|Any CPU.ActiveCfg = Release|Any CPU
		{39E93CD7-DD39-449E-9C69-A4C1B845726E}.Release|Any CPU.Build.0 = Release|Any CPU
		{47042F9C-9EE0-4098-BE13-359C013F2AD0}.Debug|Any CPU.ActiveCfg = Debug|Any CPU
		{47042F9C-9EE0-4098-BE13-359C013F2AD0}.Debug|Any CPU.Build.0 = Debug|Any CPU
		{47042F9C-9EE0-4098-BE13-359C013F2AD0}.Release|Any CPU.ActiveCfg = Release|Any CPU
		{47042F9C-9EE0-4098-BE13-359C013F2AD0}.Release|Any CPU.Build.0 = Release|Any CPU
		{B1BA5148-4DFC-4AC1-8D29-BA203712C329}.Debug|Any CPU.ActiveCfg = Debug|Any CPU
		{B1BA5148-4DFC-4AC1-8D29-BA203712C329}.Debug|Any CPU.Build.0 = Debug|Any CPU
		{B1BA5148-4DFC-4AC1-8D29-BA203712C329}.Release|Any CPU.ActiveCfg = Debug|Any CPU
		{B1BA5148-4DFC-4AC1-8D29-BA203712C329}.Release|Any CPU.Build.0 = Debug|Any CPU
		{F94E9D9C-7E14-4EBD-A4A2-0FD1E5F76D45}.Debug|Any CPU.ActiveCfg = Debug|Any CPU
		{F94E9D9C-7E14-4EBD-A4A2-0FD1E5F76D45}.Debug|Any CPU.Build.0 = Debug|Any CPU
		{F94E9D9C-7E14-4EBD-A4A2-0FD1E5F76D45}.Release|Any CPU.ActiveCfg = Release|Any CPU
		{F94E9D9C-7E14-4EBD-A4A2-0FD1E5F76D45}.Release|Any CPU.Build.0 = Release|Any CPU
	EndGlobalSection
	GlobalSection(SolutionProperties) = preSolution
		HideSolutionNode = FALSE
	EndGlobalSection
EndGlobal
